
Microsoft Visual Studio Solution File, Format Version 12.00
# Visual Studio Version 17
VisualStudioVersion = 17.3.32901.215
MinimumVisualStudioVersion = 10.0.40219.1
Project("{9A19103F-16F7-4668-BE54-9A1E7A4F7556}") = "Intro", "Intro\Intro.csproj", "{458D1DB3-4989-409C-9724-15EE763D8EAA}"
EndProject
Project("{9A19103F-16F7-4668-BE54-9A1E7A4F7556}") = "TaskLvl1", "TaskLvl1\TaskLvl1.csproj", "{68AF84A6-F07E-4CD7-9B55-2A9DD27BAAD9}"
EndProject
Project("{FAE04EC0-301F-11D3-BF4B-00C04F79EFBC}") = "Arrays", "Arrays\Arrays.csproj", "{D32C0692-D098-4E01-9794-1964265A7FB2}"
EndProject
Global
	GlobalSection(SolutionConfigurationPlatforms) = preSolution
		Debug|Any CPU = Debug|Any CPU
		Release|Any CPU = Release|Any CPU
	EndGlobalSection
	GlobalSection(ProjectConfigurationPlatforms) = postSolution
		{458D1DB3-4989-409C-9724-15EE763D8EAA}.Debug|Any CPU.ActiveCfg = Debug|Any CPU
		{458D1DB3-4989-409C-9724-15EE763D8EAA}.Debug|Any CPU.Build.0 = Debug|Any CPU
		{458D1DB3-4989-409C-9724-15EE763D8EAA}.Release|Any CPU.ActiveCfg = Release|Any CPU
		{458D1DB3-4989-409C-9724-15EE763D8EAA}.Release|Any CPU.Build.0 = Release|Any CPU
		{68AF84A6-F07E-4CD7-9B55-2A9DD27BAAD9}.Debug|Any CPU.ActiveCfg = Debug|Any CPU
		{68AF84A6-F07E-4CD7-9B55-2A9DD27BAAD9}.Debug|Any CPU.Build.0 = Debug|Any CPU
		{68AF84A6-F07E-4CD7-9B55-2A9DD27BAAD9}.Release|Any CPU.ActiveCfg = Release|Any CPU
		{68AF84A6-F07E-4CD7-9B55-2A9DD27BAAD9}.Release|Any CPU.Build.0 = Release|Any CPU
		{D32C0692-D098-4E01-9794-1964265A7FB2}.Debug|Any CPU.ActiveCfg = Debug|Any CPU
		{D32C0692-D098-4E01-9794-1964265A7FB2}.Debug|Any CPU.Build.0 = Debug|Any CPU
		{D32C0692-D098-4E01-9794-1964265A7FB2}.Release|Any CPU.ActiveCfg = Release|Any CPU
		{D32C0692-D098-4E01-9794-1964265A7FB2}.Release|Any CPU.Build.0 = Release|Any CPU
	EndGlobalSection
	GlobalSection(SolutionProperties) = preSolution
		HideSolutionNode = FALSE
	EndGlobalSection
	GlobalSection(ExtensibilityGlobals) = postSolution
		SolutionGuid = {EBC4BE94-FA1E-4AC1-9534-10C689908142}
	EndGlobalSection
EndGlobal
